
Microsoft Visual Studio Solution File, Format Version 12.00
# Visual Studio Version 16
VisualStudioVersion = 16.0.32413.511
MinimumVisualStudioVersion = 10.0.40219.1
Project("{FAE04EC0-301F-11D3-BF4B-00C04F79EFBC}") = "TechTreeMVCWebApp", "TechTreeMVCWebApp\TechTreeMVCWebApp.csproj", "{8346F626-033D-4A78-8181-FE480E3BB408}"
EndProject
Global
	GlobalSection(SolutionConfigurationPlatforms) = preSolution
		Debug|Any CPU = Debug|Any CPU
		Release|Any CPU = Release|Any CPU
	EndGlobalSection
	GlobalSection(ProjectConfigurationPlatforms) = postSolution
		{8346F626-033D-4A78-8181-FE480E3BB408}.Debug|Any CPU.ActiveCfg = Debug|Any CPU
		{8346F626-033D-4A78-8181-FE480E3BB408}.Debug|Any CPU.Build.0 = Debug|Any CPU
		{8346F626-033D-4A78-8181-FE480E3BB408}.Release|Any CPU.ActiveCfg = Release|Any CPU
		{8346F626-033D-4A78-8181-FE480E3BB408}.Release|Any CPU.Build.0 = Release|Any CPU
	EndGlobalSection
	GlobalSection(SolutionProperties) = preSolution
		HideSolutionNode = FALSE
	EndGlobalSection
	GlobalSection(ExtensibilityGlobals) = postSolution
		SolutionGuid = {CCA15D7B-D6C8-4360-B9EC-9AFF15C74ED5}
	EndGlobalSection
EndGlobal
